
Microsoft Visual Studio Solution File, Format Version 12.00
# Visual Studio Version 16
VisualStudioVersion = 16.0.33027.164
MinimumVisualStudioVersion = 10.0.40219.1
Project("{FAE04EC0-301F-11D3-BF4B-00C04F79EFBC}") = "DesignPattern", "DesignPattern\DesignPattern.csproj", "{60FC67C7-64DF-42E1-9C32-AD267ADA3F93}"
EndProject
Project("{2150E333-8FDC-42A3-9474-1A3956D46DE8}") = "Solution Items", "Solution Items", "{A2BE5AC6-6E7A-4E38-BE68-7B8627D92FAB}"
	ProjectSection(SolutionItems) = preProject
		README.md = README.md
	EndProjectSection
EndProject
Global
	GlobalSection(SolutionConfigurationPlatforms) = preSolution
		Debug|Any CPU = Debug|Any CPU
		Release|Any CPU = Release|Any CPU
	EndGlobalSection
	GlobalSection(ProjectConfigurationPlatforms) = postSolution
		{60FC67C7-64DF-42E1-9C32-AD267ADA3F93}.Debug|Any CPU.ActiveCfg = Debug|Any CPU
		{60FC67C7-64DF-42E1-9C32-AD267ADA3F93}.Debug|Any CPU.Build.0 = Debug|Any CPU
		{60FC67C7-64DF-42E1-9C32-AD267ADA3F93}.Release|Any CPU.ActiveCfg = Release|Any CPU
		{60FC67C7-64DF-42E1-9C32-AD267ADA3F93}.Release|Any CPU.Build.0 = Release|Any CPU
	EndGlobalSection
	GlobalSection(SolutionProperties) = preSolution
		HideSolutionNode = FALSE
	EndGlobalSection
	GlobalSection(ExtensibilityGlobals) = postSolution
		SolutionGuid = {BA293DC2-2C2C-49E1-AAE6-20A72A539C45}
	EndGlobalSection
EndGlobal
